// !$*UTF8*$!
{
	archiveVersion = 1;
	classes = {
	};
	objectVersion = 45;
	objects = {

/* Begin PBXBuildFile section */
		0F5DE9D712D32A5000DE35AD /* video1.mov in Resources */ = {isa = PBXBuildFile; fileRef = 0F5DE9D412D32A5000DE35AD /* video1.mov */; };
		0F5DE9D812D32A5000DE35AD /* video2.mov in Resources */ = {isa = PBXBuildFile; fileRef = 0F5DE9D512D32A5000DE35AD /* video2.mov */; };
		0F88CB0012DADEB9004A3FF6 /* Icon-72.png in Resources */ = {isa = PBXBuildFile; fileRef = 0F88CAFA12DADEB9004A3FF6 /* Icon-72.png */; };
		0F88CB0112DADEB9004A3FF6 /* Icon-Small-50.png in Resources */ = {isa = PBXBuildFile; fileRef = 0F88CAFB12DADEB9004A3FF6 /* Icon-Small-50.png */; };
		0F88CB0212DADEB9004A3FF6 /* Icon-Small.png in Resources */ = {isa = PBXBuildFile; fileRef = 0F88CAFC12DADEB9004A3FF6 /* Icon-Small.png */; };
		0F88CB0312DADEB9004A3FF6 /* Icon-Small@2x.png in Resources */ = {isa = PBXBuildFile; fileRef = 0F88CAFD12DADEB9004A3FF6 /* Icon-Small@2x.png */; };
		0F88CB0412DADEB9004A3FF6 /* Icon.png in Resources */ = {isa = PBXBuildFile; fileRef = 0F88CAFE12DADEB9004A3FF6 /* Icon.png */; };
		0F88CB0512DADEB9004A3FF6 /* Icon@2x.png in Resources */ = {isa = PBXBuildFile; fileRef = 0F88CAFF12DADEB9004A3FF6 /* Icon@2x.png */; };
		0F88CB0712DADEC9004A3FF6 /* README.rtf in Resources */ = {isa = PBXBuildFile; fileRef = 0F88CB0612DADEC9004A3FF6 /* README.rtf */; };
		0FA1836312751D84000A602C /* PlayerView.m in Sources */ = {isa = PBXBuildFile; fileRef = 0FA1836212751D84000A602C /* PlayerView.m */; };
		0FA1836C12751DB8000A602C /* AVFoundation.framework in Frameworks */ = {isa = PBXBuildFile; fileRef = 0FA1836B12751DB8000A602C /* AVFoundation.framework */; };
		0FA1836E12751DBE000A602C /* CoreMedia.framework in Frameworks */ = {isa = PBXBuildFile; fileRef = 0FA1836D12751DBE000A602C /* CoreMedia.framework */; };
		1D3623260D0F684500981E51 /* XfadingAppDelegate.m in Sources */ = {isa = PBXBuildFile; fileRef = 1D3623250D0F684500981E51 /* XfadingAppDelegate.m */; };
		1D60589B0D05DD56006BFB54 /* main.m in Sources */ = {isa = PBXBuildFile; fileRef = 29B97316FDCFA39411CA2CEA /* main.m */; };
		1D60589F0D05DD5A006BFB54 /* Foundation.framework in Frameworks */ = {isa = PBXBuildFile; fileRef = 1D30AB110D05D00D00671497 /* Foundation.framework */; };
		1DF5F4E00D08C38300B7A737 /* UIKit.framework in Frameworks */ = {isa = PBXBuildFile; fileRef = 1DF5F4DF0D08C38300B7A737 /* UIKit.framework */; };
		288765A50DF7441C002DB57D /* CoreGraphics.framework in Frameworks */ = {isa = PBXBuildFile; fileRef = 288765A40DF7441C002DB57D /* CoreGraphics.framework */; };
		2899E5220DE3E06400AC0155 /* XfadingViewController.xib in Resources */ = {isa = PBXBuildFile; fileRef = 2899E5210DE3E06400AC0155 /* XfadingViewController.xib */; };
		28AD733F0D9D9553002E5188 /* MainWindow.xib in Resources */ = {isa = PBXBuildFile; fileRef = 28AD733E0D9D9553002E5188 /* MainWindow.xib */; };
		28D7ACF80DDB3853001CB0EB /* XfadingViewController.m in Sources */ = {isa = PBXBuildFile; fileRef = 28D7ACF70DDB3853001CB0EB /* XfadingViewController.m */; };
/* End PBXBuildFile section */

/* Begin PBXFileReference section */
		0F5DE9D412D32A5000DE35AD /* video1.mov */ = {isa = PBXFileReference; lastKnownFileType = video.quicktime; path = video1.mov; sourceTree = "<group>"; };
		0F5DE9D512D32A5000DE35AD /* video2.mov */ = {isa = PBXFileReference; lastKnownFileType = video.quicktime; path = video2.mov; sourceTree = "<group>"; };
		0F88CAFA12DADEB9004A3FF6 /* Icon-72.png */ = {isa = PBXFileReference; lastKnownFileType = image.png; name = "Icon-72.png"; path = "Resources/Icon-72.png"; sourceTree = "<group>"; };
		0F88CAFB12DADEB9004A3FF6 /* Icon-Small-50.png */ = {isa = PBXFileReference; lastKnownFileType = image.png; name = "Icon-Small-50.png"; path = "Resources/Icon-Small-50.png"; sourceTree = "<group>"; };
		0F88CAFC12DADEB9004A3FF6 /* Icon-Small.png */ = {isa = PBXFileReference; lastKnownFileType = image.png; name = "Icon-Small.png"; path = "Resources/Icon-Small.png"; sourceTree = "<group>"; };
		0F88CAFD12DADEB9004A3FF6 /* Icon-Small@2x.png */ = {isa = PBXFileReference; lastKnownFileType = image.png; name = "Icon-Small@2x.png"; path = "Resources/Icon-Small@2x.png"; sourceTree = "<group>"; };
		0F88CAFE12DADEB9004A3FF6 /* Icon.png */ = {isa = PBXFileReference; lastKnownFileType = image.png; name = Icon.png; path = Resources/Icon.png; sourceTree = "<group>"; };
		0F88CAFF12DADEB9004A3FF6 /* Icon@2x.png */ = {isa = PBXFileReference; lastKnownFileType = image.png; name = "Icon@2x.png"; path = "Resources/Icon@2x.png"; sourceTree = "<group>"; };
		0F88CB0612DADEC9004A3FF6 /* README.rtf */ = {isa = PBXFileReference; lastKnownFileType = text.rtf; path = README.rtf; sourceTree = "<group>"; };
		0FA1836112751D84000A602C /* PlayerView.h */ = {isa = PBXFileReference; fileEncoding = 4; lastKnownFileType = sourcecode.c.h; path = PlayerView.h; sourceTree = "<group>"; };
		0FA1836212751D84000A602C /* PlayerView.m */ = {isa = PBXFileReference; fileEncoding = 4; lastKnownFileType = sourcecode.c.objc; path = PlayerView.m; sourceTree = "<group>"; };
		0FA1836B12751DB8000A602C /* AVFoundation.framework */ = {isa = PBXFileReference; lastKnownFileType = wrapper.framework; name = AVFoundation.framework; path = System/Library/Frameworks/AVFoundation.framework; sourceTree = SDKROOT; };
		0FA1836D12751DBE000A602C /* CoreMedia.framework */ = {isa = PBXFileReference; lastKnownFileType = wrapper.framework; name = CoreMedia.framework; path = System/Library/Frameworks/CoreMedia.framework; sourceTree = SDKROOT; };
		1D30AB110D05D00D00671497 /* Foundation.framework */ = {isa = PBXFileReference; lastKnownFileType = wrapper.framework; name = Foundation.framework; path = System/Library/Frameworks/Foundation.framework; sourceTree = SDKROOT; };
		1D3623240D0F684500981E51 /* XfadingAppDelegate.h */ = {isa = PBXFileReference; fileEncoding = 4; lastKnownFileType = sourcecode.c.h; path = XfadingAppDelegate.h; sourceTree = "<group>"; };
		1D3623250D0F684500981E51 /* XfadingAppDelegate.m */ = {isa = PBXFileReference; fileEncoding = 4; lastKnownFileType = sourcecode.c.objc; path = XfadingAppDelegate.m; sourceTree = "<group>"; };
		1D6058910D05DD3D006BFB54 /* Xfading.app */ = {isa = PBXFileReference; explicitFileType = wrapper.application; includeInIndex = 0; path = Xfading.app; sourceTree = BUILT_PRODUCTS_DIR; };
		1DF5F4DF0D08C38300B7A737 /* UIKit.framework */ = {isa = PBXFileReference; lastKnownFileType = wrapper.framework; name = UIKit.framework; path = System/Library/Frameworks/UIKit.framework; sourceTree = SDKROOT; };
		288765A40DF7441C002DB57D /* CoreGraphics.framework */ = {isa = PBXFileReference; lastKnownFileType = wrapper.framework; name = CoreGraphics.framework; path = System/Library/Frameworks/CoreGraphics.framework; sourceTree = SDKROOT; };
		2899E5210DE3E06400AC0155 /* XfadingViewController.xib */ = {isa = PBXFileReference; lastKnownFileType = file.xib; path = XfadingViewController.xib; sourceTree = "<group>"; };
		28AD733E0D9D9553002E5188 /* MainWindow.xib */ = {isa = PBXFileReference; lastKnownFileType = file.xib; path = MainWindow.xib; sourceTree = "<group>"; };
		28D7ACF60DDB3853001CB0EB /* XfadingViewController.h */ = {isa = PBXFileReference; fileEncoding = 4; lastKnownFileType = sourcecode.c.h; path = XfadingViewController.h; sourceTree = "<group>"; };
		28D7ACF70DDB3853001CB0EB /* XfadingViewController.m */ = {isa = PBXFileReference; fileEncoding = 4; lastKnownFileType = sourcecode.c.objc; path = XfadingViewController.m; sourceTree = "<group>"; };
		29B97316FDCFA39411CA2CEA /* main.m */ = {isa = PBXFileReference; fileEncoding = 4; lastKnownFileType = sourcecode.c.objc; path = main.m; sourceTree = "<group>"; };
		32CA4F630368D1EE00C91783 /* Xfading_Prefix.pch */ = {isa = PBXFileReference; fileEncoding = 4; lastKnownFileType = sourcecode.c.h; path = Xfading_Prefix.pch; sourceTree = "<group>"; };
		8D1107310486CEB800E47090 /* Xfading-Info.plist */ = {isa = PBXFileReference; fileEncoding = 4; lastKnownFileType = text.plist.xml; path = "Xfading-Info.plist"; plistStructureDefinitionIdentifier = "com.apple.xcode.plist.structure-definition.iphone.info-plist"; sourceTree = "<group>"; };
/* End PBXFileReference section */

/* Begin PBXFrameworksBuildPhase section */
		1D60588F0D05DD3D006BFB54 /* Frameworks */ = {
			isa = PBXFrameworksBuildPhase;
			buildActionMask = 2147483647;
			files = (
				1D60589F0D05DD5A006BFB54 /* Foundation.framework in Frameworks */,
				1DF5F4E00D08C38300B7A737 /* UIKit.framework in Frameworks */,
				288765A50DF7441C002DB57D /* CoreGraphics.framework in Frameworks */,
				0FA1836C12751DB8000A602C /* AVFoundation.framework in Frameworks */,
				0FA1836E12751DBE000A602C /* CoreMedia.framework in Frameworks */,
			);
			runOnlyForDeploymentPostprocessing = 0;
		};
/* End PBXFrameworksBuildPhase section */

/* Begin PBXGroup section */
		080E96DDFE201D6D7F000001 /* Classes */ = {
			isa = PBXGroup;
			children = (
				0FA1836112751D84000A602C /* PlayerView.h */,
				0FA1836212751D84000A602C /* PlayerView.m */,
				1D3623240D0F684500981E51 /* XfadingAppDelegate.h */,
				1D3623250D0F684500981E51 /* XfadingAppDelegate.m */,
				28D7ACF60DDB3853001CB0EB /* XfadingViewController.h */,
				28D7ACF70DDB3853001CB0EB /* XfadingViewController.m */,
			);
			path = Classes;
			sourceTree = "<group>";
		};
		0F5DE9D212D32A5000DE35AD /* Videos */ = {
			isa = PBXGroup;
			children = (
				0F5DE9D412D32A5000DE35AD /* video1.mov */,
				0F5DE9D512D32A5000DE35AD /* video2.mov */,
			);
			path = Videos;
			sourceTree = "<group>";
		};
		19C28FACFE9D520D11CA2CBB /* Products */ = {
			isa = PBXGroup;
			children = (
				1D6058910D05DD3D006BFB54 /* Xfading.app */,
			);
			name = Products;
			sourceTree = "<group>";
		};
		29B97314FDCFA39411CA2CEA /* CustomTemplate */ = {
			isa = PBXGroup;
			children = (
				0F88CB0612DADEC9004A3FF6 /* README.rtf */,
				080E96DDFE201D6D7F000001 /* Classes */,
				29B97315FDCFA39411CA2CEA /* Other Sources */,
				29B97317FDCFA39411CA2CEA /* Resources */,
				29B97323FDCFA39411CA2CEA /* Frameworks */,
				19C28FACFE9D520D11CA2CBB /* Products */,
			);
			name = CustomTemplate;
			sourceTree = "<group>";
		};
		29B97315FDCFA39411CA2CEA /* Other Sources */ = {
			isa = PBXGroup;
			children = (
				32CA4F630368D1EE00C91783 /* Xfading_Prefix.pch */,
				29B97316FDCFA39411CA2CEA /* main.m */,
			);
			name = "Other Sources";
			sourceTree = "<group>";
		};
		29B97317FDCFA39411CA2CEA /* Resources */ = {
			isa = PBXGroup;
			children = (
				0F88CAFA12DADEB9004A3FF6 /* Icon-72.png */,
				0F88CAFB12DADEB9004A3FF6 /* Icon-Small-50.png */,
				0F88CAFC12DADEB9004A3FF6 /* Icon-Small.png */,
				0F88CAFD12DADEB9004A3FF6 /* Icon-Small@2x.png */,
				0F88CAFE12DADEB9004A3FF6 /* Icon.png */,
				0F88CAFF12DADEB9004A3FF6 /* Icon@2x.png */,
				0F5DE9D212D32A5000DE35AD /* Videos */,
				2899E5210DE3E06400AC0155 /* XfadingViewController.xib */,
				28AD733E0D9D9553002E5188 /* MainWindow.xib */,
				8D1107310486CEB800E47090 /* Xfading-Info.plist */,
			);
			name = Resources;
			sourceTree = "<group>";
		};
		29B97323FDCFA39411CA2CEA /* Frameworks */ = {
			isa = PBXGroup;
			children = (
				1DF5F4DF0D08C38300B7A737 /* UIKit.framework */,
				1D30AB110D05D00D00671497 /* Foundation.framework */,
				288765A40DF7441C002DB57D /* CoreGraphics.framework */,
				0FA1836B12751DB8000A602C /* AVFoundation.framework */,
				0FA1836D12751DBE000A602C /* CoreMedia.framework */,
			);
			name = Frameworks;
			sourceTree = "<group>";
		};
/* End PBXGroup section */

/* Begin PBXNativeTarget section */
		1D6058900D05DD3D006BFB54 /* Xfading */ = {
			isa = PBXNativeTarget;
			buildConfigurationList = 1D6058960D05DD3E006BFB54 /* Build configuration list for PBXNativeTarget "Xfading" */;
			buildPhases = (
				1D60588D0D05DD3D006BFB54 /* Resources */,
				1D60588E0D05DD3D006BFB54 /* Sources */,
				1D60588F0D05DD3D006BFB54 /* Frameworks */,
			);
			buildRules = (
			);
			dependencies = (
			);
			name = Xfading;
			productName = Xfading;
			productReference = 1D6058910D05DD3D006BFB54 /* Xfading.app */;
			productType = "com.apple.product-type.application";
		};
/* End PBXNativeTarget section */

/* Begin PBXProject section */
		29B97313FDCFA39411CA2CEA /* Project object */ = {
			isa = PBXProject;
			buildConfigurationList = C01FCF4E08A954540054247B /* Build configuration list for PBXProject "Xfading" */;
			compatibilityVersion = "Xcode 3.1";
			developmentRegion = English;
			hasScannedForEncodings = 1;
			knownRegions = (
				English,
				Japanese,
				French,
				German,
			);
			mainGroup = 29B97314FDCFA39411CA2CEA /* CustomTemplate */;
			projectDirPath = "";
			projectRoot = "";
			targets = (
				1D6058900D05DD3D006BFB54 /* Xfading */,
			);
		};
/* End PBXProject section */

/* Begin PBXResourcesBuildPhase section */
		1D60588D0D05DD3D006BFB54 /* Resources */ = {
			isa = PBXResourcesBuildPhase;
			buildActionMask = 2147483647;
			files = (
				28AD733F0D9D9553002E5188 /* MainWindow.xib in Resources */,
				2899E5220DE3E06400AC0155 /* XfadingViewController.xib in Resources */,
				0F5DE9D712D32A5000DE35AD /* video1.mov in Resources */,
				0F5DE9D812D32A5000DE35AD /* video2.mov in Resources */,
				0F88CB0012DADEB9004A3FF6 /* Icon-72.png in Resources */,
				0F88CB0112DADEB9004A3FF6 /* Icon-Small-50.png in Resources */,
				0F88CB0212DADEB9004A3FF6 /* Icon-Small.png in Resources */,
				0F88CB0312DADEB9004A3FF6 /* Icon-Small@2x.png in Resources */,
				0F88CB0412DADEB9004A3FF6 /* Icon.png in Resources */,
				0F88CB0512DADEB9004A3FF6 /* Icon@2x.png in Resources */,
				0F88CB0712DADEC9004A3FF6 /* README.rtf in Resources */,
			);
			runOnlyForDeploymentPostprocessing = 0;
		};
/* End PBXResourcesBuildPhase section */

/* Begin PBXSourcesBuildPhase section */
		1D60588E0D05DD3D006BFB54 /* Sources */ = {
			isa = PBXSourcesBuildPhase;
			buildActionMask = 2147483647;
			files = (
				1D60589B0D05DD56006BFB54 /* main.m in Sources */,
				1D3623260D0F684500981E51 /* XfadingAppDelegate.m in Sources */,
				28D7ACF80DDB3853001CB0EB /* XfadingViewController.m in Sources */,
				0FA1836312751D84000A602C /* PlayerView.m in Sources */,
			);
			runOnlyForDeploymentPostprocessing = 0;
		};
/* End PBXSourcesBuildPhase section */

/* Begin XCBuildConfiguration section */
		1D6058940D05DD3E006BFB54 /* Debug */ = {
			isa = XCBuildConfiguration;
			buildSettings = {
				ALWAYS_SEARCH_USER_PATHS = NO;
				COPY_PHASE_STRIP = NO;
				GCC_DYNAMIC_NO_PIC = NO;
				GCC_OPTIMIZATION_LEVEL = 0;
				GCC_PRECOMPILE_PREFIX_HEADER = YES;
				GCC_PREFIX_HEADER = Xfading_Prefix.pch;
				INFOPLIST_FILE = "Xfading-Info.plist";
				PRODUCT_NAME = Xfading;
			};
			name = Debug;
		};
		1D6058950D05DD3E006BFB54 /* Release */ = {
			isa = XCBuildConfiguration;
			buildSettings = {
				ALWAYS_SEARCH_USER_PATHS = NO;
				COPY_PHASE_STRIP = YES;
				GCC_PRECOMPILE_PREFIX_HEADER = YES;
				GCC_PREFIX_HEADER = Xfading_Prefix.pch;
				INFOPLIST_FILE = "Xfading-Info.plist";
				PRODUCT_NAME = Xfading;
				VALIDATE_PRODUCT = YES;
			};
			name = Release;
		};
		C01FCF4F08A954540054247B /* Debug */ = {
			isa = XCBuildConfiguration;
			buildSettings = {
				ARCHS = "$(ARCHS_STANDARD_32_BIT)";
				"CODE_SIGN_IDENTITY[sdk=iphoneos*]" = "iPhone Developer";
				GCC_C_LANGUAGE_STANDARD = c99;
				GCC_WARN_ABOUT_RETURN_TYPE = YES;
				GCC_WARN_UNUSED_VARIABLE = YES;
				IPHONEOS_DEPLOYMENT_TARGET = 4.0;
				PREBINDING = NO;
				SDKROOT = iphoneos;
			};
			name = Debug;
		};
		C01FCF5008A954540054247B /* Release */ = {
			isa = XCBuildConfiguration;
			buildSettings = {
				ARCHS = "$(ARCHS_STANDARD_32_BIT)";
				"CODE_SIGN_IDENTITY[sdk=iphoneos*]" = "iPhone Developer";
				GCC_C_LANGUAGE_STANDARD = c99;
				GCC_WARN_ABOUT_RETURN_TYPE = YES;
				GCC_WARN_UNUSED_VARIABLE = YES;
				IPHONEOS_DEPLOYMENT_TARGET = 4.0;
				OTHER_CFLAGS = "-DNS_BLOCK_ASSERTIONS=1";
				PREBINDING = NO;
				SDKROOT = iphoneos;
			};
			name = Release;
		};
/* End XCBuildConfiguration section */

/* Begin XCConfigurationList section */
		1D6058960D05DD3E006BFB54 /* Build configuration list for PBXNativeTarget "Xfading" */ = {
			isa = XCConfigurationList;
			buildConfigurations = (
				1D6058940D05DD3E006BFB54 /* Debug */,
				1D6058950D05DD3E006BFB54 /* Release */,
			);
			defaultConfigurationIsVisible = 0;
			defaultConfigurationName = Release;
		};
		C01FCF4E08A954540054247B /* Build configuration list for PBXProject "Xfading" */ = {
			isa = XCConfigurationList;
			buildConfigurations = (
				C01FCF4F08A954540054247B /* Debug */,
				C01FCF5008A954540054247B /* Release */,
			);
			defaultConfigurationIsVisible = 0;
			defaultConfigurationName = Release;
		};
/* End XCConfigurationList section */
	};
	rootObject = 29B97313FDCFA39411CA2CEA /* Project object */;
}
